
Microsoft Visual Studio Solution File, Format Version 12.00
# Visual Studio Version 16
VisualStudioVersion = 16.0.29326.143
MinimumVisualStudioVersion = 10.0.40219.1
Project("{FAE04EC0-301F-11D3-BF4B-00C04F79EFBC}") = "Host", "Host\Host.csproj", "{AF08C28B-52C3-4B7A-8440-C451FCDF1680}"
EndProject
Project("{FAE04EC0-301F-11D3-BF4B-00C04F79EFBC}") = "DataAccess", "DataAccess\DataAccess.csproj", "{795ADB90-A3A4-4740-B8AA-31F362F6444A}"
EndProject
Project("{FAE04EC0-301F-11D3-BF4B-00C04F79EFBC}") = "Pacman-Sevices", "Pacman-Sevices\Pacman-Sevices.csproj", "{9DD6B908-13AC-41B4-83B0-843C95990DE3}"
EndProject
Project("{FAE04EC0-301F-11D3-BF4B-00C04F79EFBC}") = "Pacman-SevicesTests", "Pacman-SevicesTests\Pacman-SevicesTests.csproj", "{E50485DA-98B5-4DD8-A632-5D50CBBB3CC8}"
EndProject
Project("{FAE04EC0-301F-11D3-BF4B-00C04F79EFBC}") = "ClienteVariado", "..\..\..\..\..\..\source\repos\ClienteVariado\ClienteVariado\ClienteVariado.csproj", "{34595840-D007-43EC-8BAE-605CEE907334}"
EndProject
Global
	GlobalSection(SolutionConfigurationPlatforms) = preSolution
		Debug|Any CPU = Debug|Any CPU
		Release|Any CPU = Release|Any CPU
	EndGlobalSection
	GlobalSection(ProjectConfigurationPlatforms) = postSolution
		{AF08C28B-52C3-4B7A-8440-C451FCDF1680}.Debug|Any CPU.ActiveCfg = Debug|Any CPU
		{AF08C28B-52C3-4B7A-8440-C451FCDF1680}.Debug|Any CPU.Build.0 = Debug|Any CPU
		{AF08C28B-52C3-4B7A-8440-C451FCDF1680}.Release|Any CPU.ActiveCfg = Release|Any CPU
		{AF08C28B-52C3-4B7A-8440-C451FCDF1680}.Release|Any CPU.Build.0 = Release|Any CPU
		{795ADB90-A3A4-4740-B8AA-31F362F6444A}.Debug|Any CPU.ActiveCfg = Debug|Any CPU
		{795ADB90-A3A4-4740-B8AA-31F362F6444A}.Debug|Any CPU.Build.0 = Debug|Any CPU
		{795ADB90-A3A4-4740-B8AA-31F362F6444A}.Release|Any CPU.ActiveCfg = Release|Any CPU
		{795ADB90-A3A4-4740-B8AA-31F362F6444A}.Release|Any CPU.Build.0 = Release|Any CPU
		{9DD6B908-13AC-41B4-83B0-843C95990DE3}.Debug|Any CPU.ActiveCfg = Debug|Any CPU
		{9DD6B908-13AC-41B4-83B0-843C95990DE3}.Debug|Any CPU.Build.0 = Debug|Any CPU
		{9DD6B908-13AC-41B4-83B0-843C95990DE3}.Release|Any CPU.ActiveCfg = Release|Any CPU
		{9DD6B908-13AC-41B4-83B0-843C95990DE3}.Release|Any CPU.Build.0 = Release|Any CPU
		{E50485DA-98B5-4DD8-A632-5D50CBBB3CC8}.Debug|Any CPU.ActiveCfg = Debug|Any CPU
		{E50485DA-98B5-4DD8-A632-5D50CBBB3CC8}.Debug|Any CPU.Build.0 = Debug|Any CPU
		{E50485DA-98B5-4DD8-A632-5D50CBBB3CC8}.Release|Any CPU.ActiveCfg = Release|Any CPU
		{E50485DA-98B5-4DD8-A632-5D50CBBB3CC8}.Release|Any CPU.Build.0 = Release|Any CPU
		{34595840-D007-43EC-8BAE-605CEE907334}.Debug|Any CPU.ActiveCfg = Debug|Any CPU
		{34595840-D007-43EC-8BAE-605CEE907334}.Debug|Any CPU.Build.0 = Debug|Any CPU
		{34595840-D007-43EC-8BAE-605CEE907334}.Release|Any CPU.ActiveCfg = Release|Any CPU
		{34595840-D007-43EC-8BAE-605CEE907334}.Release|Any CPU.Build.0 = Release|Any CPU
	EndGlobalSection
	GlobalSection(SolutionProperties) = preSolution
		HideSolutionNode = FALSE
	EndGlobalSection
	GlobalSection(ExtensibilityGlobals) = postSolution
		SolutionGuid = {B807ED05-96E6-449E-BDBB-3878CA3FF86B}
	EndGlobalSection
EndGlobal
